
Microsoft Visual Studio Solution File, Format Version 12.00
# Visual Studio Version 17
VisualStudioVersion = 17.2.32516.85
MinimumVisualStudioVersion = 10.0.40219.1
Project("{FAE04EC0-301F-11D3-BF4B-00C04F79EFBC}") = "APIGames", "APIGames\APIGames.csproj", "{C0E5EA27-F1ED-4585-BC69-992E50683875}"
EndProject
Global
	GlobalSection(SolutionConfigurationPlatforms) = preSolution
		Debug|Any CPU = Debug|Any CPU
		Release|Any CPU = Release|Any CPU
	EndGlobalSection
	GlobalSection(ProjectConfigurationPlatforms) = postSolution
		{C0E5EA27-F1ED-4585-BC69-992E50683875}.Debug|Any CPU.ActiveCfg = Debug|Any CPU
		{C0E5EA27-F1ED-4585-BC69-992E50683875}.Debug|Any CPU.Build.0 = Debug|Any CPU
		{C0E5EA27-F1ED-4585-BC69-992E50683875}.Release|Any CPU.ActiveCfg = Release|Any CPU
		{C0E5EA27-F1ED-4585-BC69-992E50683875}.Release|Any CPU.Build.0 = Release|Any CPU
	EndGlobalSection
	GlobalSection(SolutionProperties) = preSolution
		HideSolutionNode = FALSE
	EndGlobalSection
	GlobalSection(ExtensibilityGlobals) = postSolution
		SolutionGuid = {78B3B829-29EB-455F-A7EF-A4DEF11A9DE7}
	EndGlobalSection
EndGlobal
